
Microsoft Visual Studio Solution File, Format Version 12.00
# Visual Studio Version 16
VisualStudioVersion = 16.0.810.4
MinimumVisualStudioVersion = 10.0.40219.1
Project("{9A19103F-16F7-4668-BE54-9A1E7A4F7556}") = "LinqTest", "LinqTest\LinqTest.csproj", "{DCD4F3F5-921B-4A85-9528-94BACD7E1DF7}"
EndProject
Project("{9A19103F-16F7-4668-BE54-9A1E7A4F7556}") = "RocketMqTest", "RocketMqTest\RocketMqTest.csproj", "{B1FF0F41-2686-4628-AEE4-CB66AC0D41D8}"
EndProject
Global
	GlobalSection(SolutionConfigurationPlatforms) = preSolution
		Debug|Any CPU = Debug|Any CPU
		Release|Any CPU = Release|Any CPU
	EndGlobalSection
	GlobalSection(ProjectConfigurationPlatforms) = postSolution
		{DCD4F3F5-921B-4A85-9528-94BACD7E1DF7}.Debug|Any CPU.ActiveCfg = Debug|Any CPU
		{DCD4F3F5-921B-4A85-9528-94BACD7E1DF7}.Debug|Any CPU.Build.0 = Debug|Any CPU
		{DCD4F3F5-921B-4A85-9528-94BACD7E1DF7}.Release|Any CPU.ActiveCfg = Release|Any CPU
		{DCD4F3F5-921B-4A85-9528-94BACD7E1DF7}.Release|Any CPU.Build.0 = Release|Any CPU
		{B1FF0F41-2686-4628-AEE4-CB66AC0D41D8}.Debug|Any CPU.ActiveCfg = Debug|Any CPU
		{B1FF0F41-2686-4628-AEE4-CB66AC0D41D8}.Debug|Any CPU.Build.0 = Debug|Any CPU
		{B1FF0F41-2686-4628-AEE4-CB66AC0D41D8}.Release|Any CPU.ActiveCfg = Release|Any CPU
		{B1FF0F41-2686-4628-AEE4-CB66AC0D41D8}.Release|Any CPU.Build.0 = Release|Any CPU
	EndGlobalSection
	GlobalSection(SolutionProperties) = preSolution
		HideSolutionNode = FALSE
	EndGlobalSection
	GlobalSection(ExtensibilityGlobals) = postSolution
		SolutionGuid = {6C900E6A-BD76-432D-A765-0F17CDD914A4}
	EndGlobalSection
EndGlobal
