
Microsoft Visual Studio Solution File, Format Version 12.00
# Visual Studio Version 17
VisualStudioVersion = 17.0.31919.166
MinimumVisualStudioVersion = 10.0.40219.1
Project("{9A19103F-16F7-4668-BE54-9A1E7A4F7556}") = "LinqTest", "LinqTest\LinqTest.csproj", "{DCD4F3F5-921B-4A85-9528-94BACD7E1DF7}"
EndProject
Project("{9A19103F-16F7-4668-BE54-9A1E7A4F7556}") = "RocketMqTest", "RocketMqTest\RocketMqTest.csproj", "{B1FF0F41-2686-4628-AEE4-CB66AC0D41D8}"
EndProject
Project("{9A19103F-16F7-4668-BE54-9A1E7A4F7556}") = "KafkaTest.Publisher", "KafkaTest\KafkaTest.Publisher.csproj", "{6B093B66-05D9-47AA-89D8-24EB623CF8BF}"
EndProject
Project("{9A19103F-16F7-4668-BE54-9A1E7A4F7556}") = "KafkaTest.Consumer", "KafkaTest.Consumer\KafkaTest.Consumer.csproj", "{8CB89A04-7A01-4587-B1F7-DC2DEF0901AE}"
EndProject
Project("{9A19103F-16F7-4668-BE54-9A1E7A4F7556}") = "Net6Test", "Net6Test\Net6Test.csproj", "{13EC7BBD-042D-4679-BC44-8D80BDC75F95}"
EndProject
Project("{9A19103F-16F7-4668-BE54-9A1E7A4F7556}") = "RedisTest", "RedisTest\RedisTest.csproj", "{11D0DE3D-1D38-4E9C-81B4-AB790EF5C24C}"
EndProject
Project("{9A19103F-16F7-4668-BE54-9A1E7A4F7556}") = "RedisDemo", "RedisDemo\RedisDemo.csproj", "{6D0C56D4-E198-4702-9AFB-26298E3A83A5}"
EndProject
Project("{FAE04EC0-301F-11D3-BF4B-00C04F79EFBC}") = "DockerBuildTest", "DockerBuildTest\DockerBuildTest.csproj", "{1E146B42-E750-4B27-B84B-DDF64E98576B}"
EndProject
Project("{FAE04EC0-301F-11D3-BF4B-00C04F79EFBC}") = "MyAwesomeLib", "MyAwesomeLib\MyAwesomeLib.csproj", "{A73B2D09-6907-435E-89EC-6E844E8E5CD3}"
EndProject
Global
	GlobalSection(SolutionConfigurationPlatforms) = preSolution
		Debug|Any CPU = Debug|Any CPU
		Release|Any CPU = Release|Any CPU
	EndGlobalSection
	GlobalSection(ProjectConfigurationPlatforms) = postSolution
		{DCD4F3F5-921B-4A85-9528-94BACD7E1DF7}.Debug|Any CPU.ActiveCfg = Debug|Any CPU
		{DCD4F3F5-921B-4A85-9528-94BACD7E1DF7}.Debug|Any CPU.Build.0 = Debug|Any CPU
		{DCD4F3F5-921B-4A85-9528-94BACD7E1DF7}.Release|Any CPU.ActiveCfg = Release|Any CPU
		{DCD4F3F5-921B-4A85-9528-94BACD7E1DF7}.Release|Any CPU.Build.0 = Release|Any CPU
		{B1FF0F41-2686-4628-AEE4-CB66AC0D41D8}.Debug|Any CPU.ActiveCfg = Debug|Any CPU
		{B1FF0F41-2686-4628-AEE4-CB66AC0D41D8}.Debug|Any CPU.Build.0 = Debug|Any CPU
		{B1FF0F41-2686-4628-AEE4-CB66AC0D41D8}.Release|Any CPU.ActiveCfg = Release|Any CPU
		{B1FF0F41-2686-4628-AEE4-CB66AC0D41D8}.Release|Any CPU.Build.0 = Release|Any CPU
		{6B093B66-05D9-47AA-89D8-24EB623CF8BF}.Debug|Any CPU.ActiveCfg = Debug|Any CPU
		{6B093B66-05D9-47AA-89D8-24EB623CF8BF}.Debug|Any CPU.Build.0 = Debug|Any CPU
		{6B093B66-05D9-47AA-89D8-24EB623CF8BF}.Release|Any CPU.ActiveCfg = Release|Any CPU
		{6B093B66-05D9-47AA-89D8-24EB623CF8BF}.Release|Any CPU.Build.0 = Release|Any CPU
		{8CB89A04-7A01-4587-B1F7-DC2DEF0901AE}.Debug|Any CPU.ActiveCfg = Debug|Any CPU
		{8CB89A04-7A01-4587-B1F7-DC2DEF0901AE}.Debug|Any CPU.Build.0 = Debug|Any CPU
		{8CB89A04-7A01-4587-B1F7-DC2DEF0901AE}.Release|Any CPU.ActiveCfg = Release|Any CPU
		{8CB89A04-7A01-4587-B1F7-DC2DEF0901AE}.Release|Any CPU.Build.0 = Release|Any CPU
		{13EC7BBD-042D-4679-BC44-8D80BDC75F95}.Debug|Any CPU.ActiveCfg = Debug|Any CPU
		{13EC7BBD-042D-4679-BC44-8D80BDC75F95}.Debug|Any CPU.Build.0 = Debug|Any CPU
		{13EC7BBD-042D-4679-BC44-8D80BDC75F95}.Release|Any CPU.ActiveCfg = Release|Any CPU
		{13EC7BBD-042D-4679-BC44-8D80BDC75F95}.Release|Any CPU.Build.0 = Release|Any CPU
		{11D0DE3D-1D38-4E9C-81B4-AB790EF5C24C}.Debug|Any CPU.ActiveCfg = Debug|Any CPU
		{11D0DE3D-1D38-4E9C-81B4-AB790EF5C24C}.Debug|Any CPU.Build.0 = Debug|Any CPU
		{11D0DE3D-1D38-4E9C-81B4-AB790EF5C24C}.Release|Any CPU.ActiveCfg = Release|Any CPU
		{11D0DE3D-1D38-4E9C-81B4-AB790EF5C24C}.Release|Any CPU.Build.0 = Release|Any CPU
		{6D0C56D4-E198-4702-9AFB-26298E3A83A5}.Debug|Any CPU.ActiveCfg = Debug|Any CPU
		{6D0C56D4-E198-4702-9AFB-26298E3A83A5}.Debug|Any CPU.Build.0 = Debug|Any CPU
		{6D0C56D4-E198-4702-9AFB-26298E3A83A5}.Release|Any CPU.ActiveCfg = Release|Any CPU
		{6D0C56D4-E198-4702-9AFB-26298E3A83A5}.Release|Any CPU.Build.0 = Release|Any CPU
		{1E146B42-E750-4B27-B84B-DDF64E98576B}.Debug|Any CPU.ActiveCfg = Debug|Any CPU
		{1E146B42-E750-4B27-B84B-DDF64E98576B}.Debug|Any CPU.Build.0 = Debug|Any CPU
		{1E146B42-E750-4B27-B84B-DDF64E98576B}.Release|Any CPU.ActiveCfg = Release|Any CPU
		{1E146B42-E750-4B27-B84B-DDF64E98576B}.Release|Any CPU.Build.0 = Release|Any CPU
		{A73B2D09-6907-435E-89EC-6E844E8E5CD3}.Debug|Any CPU.ActiveCfg = Debug|Any CPU
		{A73B2D09-6907-435E-89EC-6E844E8E5CD3}.Debug|Any CPU.Build.0 = Debug|Any CPU
		{A73B2D09-6907-435E-89EC-6E844E8E5CD3}.Release|Any CPU.ActiveCfg = Release|Any CPU
		{A73B2D09-6907-435E-89EC-6E844E8E5CD3}.Release|Any CPU.Build.0 = Release|Any CPU
	EndGlobalSection
	GlobalSection(SolutionProperties) = preSolution
		HideSolutionNode = FALSE
	EndGlobalSection
	GlobalSection(ExtensibilityGlobals) = postSolution
		SolutionGuid = {6C900E6A-BD76-432D-A765-0F17CDD914A4}
	EndGlobalSection
EndGlobal
