
Microsoft Visual Studio Solution File, Format Version 12.00
# Visual Studio Version 17
VisualStudioVersion = 17.0.31919.166
MinimumVisualStudioVersion = 10.0.40219.1
Project("{9A19103F-16F7-4668-BE54-9A1E7A4F7556}") = "LinqTest", "LinqTest\LinqTest.csproj", "{DCD4F3F5-921B-4A85-9528-94BACD7E1DF7}"
EndProject
Project("{9A19103F-16F7-4668-BE54-9A1E7A4F7556}") = "RocketMqTest", "RocketMqTest\RocketMqTest.csproj", "{B1FF0F41-2686-4628-AEE4-CB66AC0D41D8}"
EndProject
Project("{9A19103F-16F7-4668-BE54-9A1E7A4F7556}") = "KafkaTest.Publisher", "KafkaTest\KafkaTest.Publisher.csproj", "{6B093B66-05D9-47AA-89D8-24EB623CF8BF}"
EndProject
Project("{9A19103F-16F7-4668-BE54-9A1E7A4F7556}") = "KafkaTest.Consumer", "KafkaTest.Consumer\KafkaTest.Consumer.csproj", "{8CB89A04-7A01-4587-B1F7-DC2DEF0901AE}"
EndProject
Project("{9A19103F-16F7-4668-BE54-9A1E7A4F7556}") = "Net6Test", "Net6Test\Net6Test.csproj", "{13EC7BBD-042D-4679-BC44-8D80BDC75F95}"
EndProject
Project("{9A19103F-16F7-4668-BE54-9A1E7A4F7556}") = "RedisTest", "RedisTest\RedisTest.csproj", "{11D0DE3D-1D38-4E9C-81B4-AB790EF5C24C}"
EndProject
Project("{9A19103F-16F7-4668-BE54-9A1E7A4F7556}") = "RedisDemo", "RedisDemo\RedisDemo.csproj", "{6D0C56D4-E198-4702-9AFB-26298E3A83A5}"
EndProject
Project("{9A19103F-16F7-4668-BE54-9A1E7A4F7556}") = "DockerBuildTest", "DockerBuildTest\DockerBuildTest.csproj", "{1E146B42-E750-4B27-B84B-DDF64E98576B}"
EndProject
Project("{9A19103F-16F7-4668-BE54-9A1E7A4F7556}") = "MyAwesomeLib", "MyAwesomeLib\MyAwesomeLib.csproj", "{A73B2D09-6907-435E-89EC-6E844E8E5CD3}"
EndProject
Project("{9A19103F-16F7-4668-BE54-9A1E7A4F7556}") = "MysqlPerTest", "MysqlPerTest\MysqlPerTest.csproj", "{D8ED62EA-64C5-43D7-A066-3CB49B1C863A}"
EndProject
Project("{9A19103F-16F7-4668-BE54-9A1E7A4F7556}") = "PriorityQueueTest", "PriorityQueueTest\PriorityQueueTest.csproj", "{D63DCFEF-1476-4308-8273-6AE4C93DCC6E}"
EndProject
Project("{9A19103F-16F7-4668-BE54-9A1E7A4F7556}") = "ThreadPoolExhaustion", "ThreadPoolExhaustion\ThreadPoolExhaustion.csproj", "{FAAE97C6-2C69-425B-8669-30A74F2B274D}"
EndProject
Project("{9A19103F-16F7-4668-BE54-9A1E7A4F7556}") = "ElkTest", "ElkTest\ElkTest.csproj", "{3778CFF9-0710-4C81-AC40-18BD237FBAC0}"
EndProject
Project("{9A19103F-16F7-4668-BE54-9A1E7A4F7556}") = "TestCrushDump", "TestCrushDump\TestCrushDump.csproj", "{D8F9276C-008B-4055-86CA-DE4D42944C0C}"
EndProject
Project("{9A19103F-16F7-4668-BE54-9A1E7A4F7556}") = "ThrowHelper", "ThrowHelper\ThrowHelper.csproj", "{FA7263F0-F644-4655-A2DA-8ED03FFE608C}"
EndProject
Project("{9A19103F-16F7-4668-BE54-9A1E7A4F7556}") = "TestTimerTrigger", "TestTimerTrigger\TestTimerTrigger.csproj", "{01FC45D1-30D9-4B2A-91D2-27FBBE7A009D}"
EndProject
Project("{9A19103F-16F7-4668-BE54-9A1E7A4F7556}") = "TestAzureAppInsight", "TestAzureAppInsight\TestAzureAppInsight.csproj", "{4ED4D173-9F94-4584-8EB3-85CC2C165DD6}"
EndProject
Project("{9A19103F-16F7-4668-BE54-9A1E7A4F7556}") = "TestAuth", "TestAuth\TestAuth.csproj", "{99844C64-E59C-4AAD-831F-39748148233C}"
EndProject
Project("{9A19103F-16F7-4668-BE54-9A1E7A4F7556}") = "WeatherApiWithAuth", "WeatherApiWithAuth\WeatherApiWithAuth.csproj", "{C7B2AE07-E245-4672-A723-70FD3A3EAC1F}"
EndProject
Project("{9A19103F-16F7-4668-BE54-9A1E7A4F7556}") = "TestLogPerf", "TestLogPerf\TestLogPerf.csproj", "{3834B2F0-C91A-4C27-B7F2-B7BABE0A4DCA}"
EndProject
Project("{9A19103F-16F7-4668-BE54-9A1E7A4F7556}") = "BenchmarkDemo", "BenchmarkDemo\BenchmarkDemo.csproj", "{FBF38F8C-9679-41D8-8E3C-52E12339CFB6}"
EndProject
Project("{FAE04EC0-301F-11D3-BF4B-00C04F79EFBC}") = "TestLogLevelImpact", "TestLogLevelImpact\TestLogLevelImpact.csproj", "{89AE5D09-EDF4-48B2-96FA-8EE22B2FB95A}"
EndProject
Project("{FAE04EC0-301F-11D3-BF4B-00C04F79EFBC}") = "SaveLogStorage", "SaveLogStorage\SaveLogStorage.csproj", "{95860231-4E4E-4A78-91EB-4656EF0939E9}"
EndProject
Global
	GlobalSection(SolutionConfigurationPlatforms) = preSolution
		Debug|Any CPU = Debug|Any CPU
		Release|Any CPU = Release|Any CPU
	EndGlobalSection
	GlobalSection(ProjectConfigurationPlatforms) = postSolution
		{DCD4F3F5-921B-4A85-9528-94BACD7E1DF7}.Debug|Any CPU.ActiveCfg = Debug|Any CPU
		{DCD4F3F5-921B-4A85-9528-94BACD7E1DF7}.Debug|Any CPU.Build.0 = Debug|Any CPU
		{DCD4F3F5-921B-4A85-9528-94BACD7E1DF7}.Release|Any CPU.ActiveCfg = Release|Any CPU
		{DCD4F3F5-921B-4A85-9528-94BACD7E1DF7}.Release|Any CPU.Build.0 = Release|Any CPU
		{B1FF0F41-2686-4628-AEE4-CB66AC0D41D8}.Debug|Any CPU.ActiveCfg = Debug|Any CPU
		{B1FF0F41-2686-4628-AEE4-CB66AC0D41D8}.Debug|Any CPU.Build.0 = Debug|Any CPU
		{B1FF0F41-2686-4628-AEE4-CB66AC0D41D8}.Release|Any CPU.ActiveCfg = Release|Any CPU
		{B1FF0F41-2686-4628-AEE4-CB66AC0D41D8}.Release|Any CPU.Build.0 = Release|Any CPU
		{6B093B66-05D9-47AA-89D8-24EB623CF8BF}.Debug|Any CPU.ActiveCfg = Debug|Any CPU
		{6B093B66-05D9-47AA-89D8-24EB623CF8BF}.Debug|Any CPU.Build.0 = Debug|Any CPU
		{6B093B66-05D9-47AA-89D8-24EB623CF8BF}.Release|Any CPU.ActiveCfg = Release|Any CPU
		{6B093B66-05D9-47AA-89D8-24EB623CF8BF}.Release|Any CPU.Build.0 = Release|Any CPU
		{8CB89A04-7A01-4587-B1F7-DC2DEF0901AE}.Debug|Any CPU.ActiveCfg = Debug|Any CPU
		{8CB89A04-7A01-4587-B1F7-DC2DEF0901AE}.Debug|Any CPU.Build.0 = Debug|Any CPU
		{8CB89A04-7A01-4587-B1F7-DC2DEF0901AE}.Release|Any CPU.ActiveCfg = Release|Any CPU
		{8CB89A04-7A01-4587-B1F7-DC2DEF0901AE}.Release|Any CPU.Build.0 = Release|Any CPU
		{13EC7BBD-042D-4679-BC44-8D80BDC75F95}.Debug|Any CPU.ActiveCfg = Debug|Any CPU
		{13EC7BBD-042D-4679-BC44-8D80BDC75F95}.Debug|Any CPU.Build.0 = Debug|Any CPU
		{13EC7BBD-042D-4679-BC44-8D80BDC75F95}.Release|Any CPU.ActiveCfg = Release|Any CPU
		{13EC7BBD-042D-4679-BC44-8D80BDC75F95}.Release|Any CPU.Build.0 = Release|Any CPU
		{11D0DE3D-1D38-4E9C-81B4-AB790EF5C24C}.Debug|Any CPU.ActiveCfg = Debug|Any CPU
		{11D0DE3D-1D38-4E9C-81B4-AB790EF5C24C}.Debug|Any CPU.Build.0 = Debug|Any CPU
		{11D0DE3D-1D38-4E9C-81B4-AB790EF5C24C}.Release|Any CPU.ActiveCfg = Release|Any CPU
		{11D0DE3D-1D38-4E9C-81B4-AB790EF5C24C}.Release|Any CPU.Build.0 = Release|Any CPU
		{6D0C56D4-E198-4702-9AFB-26298E3A83A5}.Debug|Any CPU.ActiveCfg = Debug|Any CPU
		{6D0C56D4-E198-4702-9AFB-26298E3A83A5}.Debug|Any CPU.Build.0 = Debug|Any CPU
		{6D0C56D4-E198-4702-9AFB-26298E3A83A5}.Release|Any CPU.ActiveCfg = Release|Any CPU
		{6D0C56D4-E198-4702-9AFB-26298E3A83A5}.Release|Any CPU.Build.0 = Release|Any CPU
		{1E146B42-E750-4B27-B84B-DDF64E98576B}.Debug|Any CPU.ActiveCfg = Debug|Any CPU
		{1E146B42-E750-4B27-B84B-DDF64E98576B}.Debug|Any CPU.Build.0 = Debug|Any CPU
		{1E146B42-E750-4B27-B84B-DDF64E98576B}.Release|Any CPU.ActiveCfg = Release|Any CPU
		{1E146B42-E750-4B27-B84B-DDF64E98576B}.Release|Any CPU.Build.0 = Release|Any CPU
		{A73B2D09-6907-435E-89EC-6E844E8E5CD3}.Debug|Any CPU.ActiveCfg = Debug|Any CPU
		{A73B2D09-6907-435E-89EC-6E844E8E5CD3}.Debug|Any CPU.Build.0 = Debug|Any CPU
		{A73B2D09-6907-435E-89EC-6E844E8E5CD3}.Release|Any CPU.ActiveCfg = Release|Any CPU
		{A73B2D09-6907-435E-89EC-6E844E8E5CD3}.Release|Any CPU.Build.0 = Release|Any CPU
		{D8ED62EA-64C5-43D7-A066-3CB49B1C863A}.Debug|Any CPU.ActiveCfg = Debug|Any CPU
		{D8ED62EA-64C5-43D7-A066-3CB49B1C863A}.Debug|Any CPU.Build.0 = Debug|Any CPU
		{D8ED62EA-64C5-43D7-A066-3CB49B1C863A}.Release|Any CPU.ActiveCfg = Release|Any CPU
		{D8ED62EA-64C5-43D7-A066-3CB49B1C863A}.Release|Any CPU.Build.0 = Release|Any CPU
		{D63DCFEF-1476-4308-8273-6AE4C93DCC6E}.Debug|Any CPU.ActiveCfg = Debug|Any CPU
		{D63DCFEF-1476-4308-8273-6AE4C93DCC6E}.Debug|Any CPU.Build.0 = Debug|Any CPU
		{D63DCFEF-1476-4308-8273-6AE4C93DCC6E}.Release|Any CPU.ActiveCfg = Release|Any CPU
		{D63DCFEF-1476-4308-8273-6AE4C93DCC6E}.Release|Any CPU.Build.0 = Release|Any CPU
		{FAAE97C6-2C69-425B-8669-30A74F2B274D}.Debug|Any CPU.ActiveCfg = Debug|Any CPU
		{FAAE97C6-2C69-425B-8669-30A74F2B274D}.Debug|Any CPU.Build.0 = Debug|Any CPU
		{FAAE97C6-2C69-425B-8669-30A74F2B274D}.Release|Any CPU.ActiveCfg = Release|Any CPU
		{FAAE97C6-2C69-425B-8669-30A74F2B274D}.Release|Any CPU.Build.0 = Release|Any CPU
		{3778CFF9-0710-4C81-AC40-18BD237FBAC0}.Debug|Any CPU.ActiveCfg = Debug|Any CPU
		{3778CFF9-0710-4C81-AC40-18BD237FBAC0}.Debug|Any CPU.Build.0 = Debug|Any CPU
		{3778CFF9-0710-4C81-AC40-18BD237FBAC0}.Release|Any CPU.ActiveCfg = Release|Any CPU
		{3778CFF9-0710-4C81-AC40-18BD237FBAC0}.Release|Any CPU.Build.0 = Release|Any CPU
		{D8F9276C-008B-4055-86CA-DE4D42944C0C}.Debug|Any CPU.ActiveCfg = Debug|Any CPU
		{D8F9276C-008B-4055-86CA-DE4D42944C0C}.Debug|Any CPU.Build.0 = Debug|Any CPU
		{D8F9276C-008B-4055-86CA-DE4D42944C0C}.Release|Any CPU.ActiveCfg = Release|Any CPU
		{D8F9276C-008B-4055-86CA-DE4D42944C0C}.Release|Any CPU.Build.0 = Release|Any CPU
		{FA7263F0-F644-4655-A2DA-8ED03FFE608C}.Debug|Any CPU.ActiveCfg = Debug|Any CPU
		{FA7263F0-F644-4655-A2DA-8ED03FFE608C}.Debug|Any CPU.Build.0 = Debug|Any CPU
		{FA7263F0-F644-4655-A2DA-8ED03FFE608C}.Release|Any CPU.ActiveCfg = Release|Any CPU
		{FA7263F0-F644-4655-A2DA-8ED03FFE608C}.Release|Any CPU.Build.0 = Release|Any CPU
		{01FC45D1-30D9-4B2A-91D2-27FBBE7A009D}.Debug|Any CPU.ActiveCfg = Debug|Any CPU
		{01FC45D1-30D9-4B2A-91D2-27FBBE7A009D}.Debug|Any CPU.Build.0 = Debug|Any CPU
		{01FC45D1-30D9-4B2A-91D2-27FBBE7A009D}.Release|Any CPU.ActiveCfg = Release|Any CPU
		{01FC45D1-30D9-4B2A-91D2-27FBBE7A009D}.Release|Any CPU.Build.0 = Release|Any CPU
		{4ED4D173-9F94-4584-8EB3-85CC2C165DD6}.Debug|Any CPU.ActiveCfg = Debug|Any CPU
		{4ED4D173-9F94-4584-8EB3-85CC2C165DD6}.Debug|Any CPU.Build.0 = Debug|Any CPU
		{4ED4D173-9F94-4584-8EB3-85CC2C165DD6}.Release|Any CPU.ActiveCfg = Release|Any CPU
		{4ED4D173-9F94-4584-8EB3-85CC2C165DD6}.Release|Any CPU.Build.0 = Release|Any CPU
		{99844C64-E59C-4AAD-831F-39748148233C}.Debug|Any CPU.ActiveCfg = Debug|Any CPU
		{99844C64-E59C-4AAD-831F-39748148233C}.Debug|Any CPU.Build.0 = Debug|Any CPU
		{99844C64-E59C-4AAD-831F-39748148233C}.Release|Any CPU.ActiveCfg = Release|Any CPU
		{99844C64-E59C-4AAD-831F-39748148233C}.Release|Any CPU.Build.0 = Release|Any CPU
		{C7B2AE07-E245-4672-A723-70FD3A3EAC1F}.Debug|Any CPU.ActiveCfg = Debug|Any CPU
		{C7B2AE07-E245-4672-A723-70FD3A3EAC1F}.Debug|Any CPU.Build.0 = Debug|Any CPU
		{C7B2AE07-E245-4672-A723-70FD3A3EAC1F}.Release|Any CPU.ActiveCfg = Release|Any CPU
		{C7B2AE07-E245-4672-A723-70FD3A3EAC1F}.Release|Any CPU.Build.0 = Release|Any CPU
		{3834B2F0-C91A-4C27-B7F2-B7BABE0A4DCA}.Debug|Any CPU.ActiveCfg = Debug|Any CPU
		{3834B2F0-C91A-4C27-B7F2-B7BABE0A4DCA}.Debug|Any CPU.Build.0 = Debug|Any CPU
		{3834B2F0-C91A-4C27-B7F2-B7BABE0A4DCA}.Release|Any CPU.ActiveCfg = Release|Any CPU
		{3834B2F0-C91A-4C27-B7F2-B7BABE0A4DCA}.Release|Any CPU.Build.0 = Release|Any CPU
		{FBF38F8C-9679-41D8-8E3C-52E12339CFB6}.Debug|Any CPU.ActiveCfg = Debug|Any CPU
		{FBF38F8C-9679-41D8-8E3C-52E12339CFB6}.Debug|Any CPU.Build.0 = Debug|Any CPU
		{FBF38F8C-9679-41D8-8E3C-52E12339CFB6}.Release|Any CPU.ActiveCfg = Release|Any CPU
		{FBF38F8C-9679-41D8-8E3C-52E12339CFB6}.Release|Any CPU.Build.0 = Release|Any CPU
		{89AE5D09-EDF4-48B2-96FA-8EE22B2FB95A}.Debug|Any CPU.ActiveCfg = Debug|Any CPU
		{89AE5D09-EDF4-48B2-96FA-8EE22B2FB95A}.Debug|Any CPU.Build.0 = Debug|Any CPU
		{89AE5D09-EDF4-48B2-96FA-8EE22B2FB95A}.Release|Any CPU.ActiveCfg = Release|Any CPU
		{89AE5D09-EDF4-48B2-96FA-8EE22B2FB95A}.Release|Any CPU.Build.0 = Release|Any CPU
		{95860231-4E4E-4A78-91EB-4656EF0939E9}.Debug|Any CPU.ActiveCfg = Debug|Any CPU
		{95860231-4E4E-4A78-91EB-4656EF0939E9}.Debug|Any CPU.Build.0 = Debug|Any CPU
		{95860231-4E4E-4A78-91EB-4656EF0939E9}.Release|Any CPU.ActiveCfg = Release|Any CPU
		{95860231-4E4E-4A78-91EB-4656EF0939E9}.Release|Any CPU.Build.0 = Release|Any CPU
	EndGlobalSection
	GlobalSection(SolutionProperties) = preSolution
		HideSolutionNode = FALSE
	EndGlobalSection
	GlobalSection(ExtensibilityGlobals) = postSolution
		SolutionGuid = {6C900E6A-BD76-432D-A765-0F17CDD914A4}
	EndGlobalSection
EndGlobal
