
Microsoft Visual Studio Solution File, Format Version 12.00
# Visual Studio Version 17
VisualStudioVersion = 17.4.33213.308
MinimumVisualStudioVersion = 10.0.40219.1
Project("{9A19103F-16F7-4668-BE54-9A1E7A4F7556}") = "BenchmarkLogerPerf", "BenchmarkDemo\BenchmarkLogerPerf.csproj", "{782C71B8-BD9D-4F5B-BA1A-4F143DC3ADA9}"
EndProject
Project("{9A19103F-16F7-4668-BE54-9A1E7A4F7556}") = "SaveLogStorage", "SaveLogStorage\SaveLogStorage.csproj", "{F4028E4B-8006-4AD5-879C-FD117C7BDC50}"
EndProject
Global
	GlobalSection(SolutionConfigurationPlatforms) = preSolution
		Debug|Any CPU = Debug|Any CPU
		Release|Any CPU = Release|Any CPU
	EndGlobalSection
	GlobalSection(ProjectConfigurationPlatforms) = postSolution
		{782C71B8-BD9D-4F5B-BA1A-4F143DC3ADA9}.Debug|Any CPU.ActiveCfg = Debug|Any CPU
		{782C71B8-BD9D-4F5B-BA1A-4F143DC3ADA9}.Debug|Any CPU.Build.0 = Debug|Any CPU
		{782C71B8-BD9D-4F5B-BA1A-4F143DC3ADA9}.Release|Any CPU.ActiveCfg = Release|Any CPU
		{782C71B8-BD9D-4F5B-BA1A-4F143DC3ADA9}.Release|Any CPU.Build.0 = Release|Any CPU
		{F4028E4B-8006-4AD5-879C-FD117C7BDC50}.Debug|Any CPU.ActiveCfg = Debug|Any CPU
		{F4028E4B-8006-4AD5-879C-FD117C7BDC50}.Debug|Any CPU.Build.0 = Debug|Any CPU
		{F4028E4B-8006-4AD5-879C-FD117C7BDC50}.Release|Any CPU.ActiveCfg = Release|Any CPU
		{F4028E4B-8006-4AD5-879C-FD117C7BDC50}.Release|Any CPU.Build.0 = Release|Any CPU
	EndGlobalSection
	GlobalSection(SolutionProperties) = preSolution
		HideSolutionNode = FALSE
	EndGlobalSection
	GlobalSection(ExtensibilityGlobals) = postSolution
		SolutionGuid = {3816032B-119C-45FF-896D-2524E4983C42}
	EndGlobalSection
EndGlobal
